<?xml version="1.0" encoding="utf-8"?>
<Project ToolsVersion="4.0" xmlns="http://schemas.microsoft.com/developer/msbuild/2003">
  <ItemGroup>
    <Filter Include="Source Files">
      <UniqueIdentifier>{4FC737F1-C7A5-4376-A066-2A32D752A2FF}</UniqueIdentifier>
      <Extensions>cpp;c;cc;cxx;def;odl;idl;hpj;bat;asm;asmx</Extensions>
    </Filter>
    <Filter Include="Header Files">
      <UniqueIdentifier>{93995380-89BD-4b04-88EB-625FBE52EBFB}</UniqueIdentifier>
      <Extensions>h;hh;hpp;hxx;hm;inl;inc;ipp;xsd</Extensions>
    </Filter>
    <Filter Include="Resource Files">
      <UniqueIdentifier>{67DA6AB6-F800-4c08-8B7A-83BB121AAD01}</UniqueIdentifier>
      <Extensions>rc;ico;cur;bmp;dlg;rc2;rct;bin;rgs;gif;jpg;jpeg;jpe;resx;tiff;tif;png;wav;mfcribbon-ms</Extensions>
    </Filter>
  </ItemGroup>
  <ItemGroup>
    <ClInclude Include="CardiacCT.h">
      <Filter>Header Files</Filter>
    </ClInclude>
    <ClInclude Include="framework.h">
      <Filter>Header Files</Filter>
    </ClInclude>
    <ClInclude Include="targetver.h">
      <Filter>Header Files</Filter>
    </ClInclude>
    <ClInclude Include="MainFrm.h">
      <Filter>Header Files</Filter>
    </ClInclude>
    <ClInclude Include="CCTDoc.h">
      <Filter>Header Files</Filter>
    </ClInclude>
    <ClInclude Include="CCTView.h">
      <Filter>Header Files</Filter>
    </ClInclude>
    <ClInclude Include="Resource.h">
      <Filter>Header Files</Filter>
    </ClInclude>
    <ClInclude Include="pch.h">
      <Filter>Header Files</Filter>
    </ClInclude>
    <ClInclude Include="DcmImage.h">
      <Filter>Header Files</Filter>
    </ClInclude>
    <ClInclude Include="DcmSeries.h">
      <Filter>Header Files</Filter>
    </ClInclude>
    <ClInclude Include="DcmDir.h">
      <Filter>Header Files</Filter>
    </ClInclude>
    <ClInclude Include="CDirForm.h">
      <Filter>Header Files</Filter>
    </ClInclude>
    <ClInclude Include="CDIB.h">
      <Filter>Header Files</Filter>
    </ClInclude>
    <ClInclude Include="C3DProcess.h">
      <Filter>Header Files</Filter>
    </ClInclude>
    <ClInclude Include="CProgress.h">
      <Filter>Header Files</Filter>
    </ClInclude>
  </ItemGroup>
  <ItemGroup>
    <ClCompile Include="CardiacCT.cpp">
      <Filter>Source Files</Filter>
    </ClCompile>
    <ClCompile Include="MainFrm.cpp">
      <Filter>Source Files</Filter>
    </ClCompile>
    <ClCompile Include="CCTDoc.cpp">
      <Filter>Source Files</Filter>
    </ClCompile>
    <ClCompile Include="CCTView.cpp">
      <Filter>Source Files</Filter>
    </ClCompile>
    <ClCompile Include="pch.cpp">
      <Filter>Source Files</Filter>
    </ClCompile>
    <ClCompile Include="DcmImage.cpp">
      <Filter>Source Files</Filter>
    </ClCompile>
    <ClCompile Include="DcmSeries.cpp">
      <Filter>Source Files</Filter>
    </ClCompile>
    <ClCompile Include="DcmDir.cpp">
      <Filter>Source Files</Filter>
    </ClCompile>
    <ClCompile Include="CDirForm.cpp">
      <Filter>Source Files</Filter>
    </ClCompile>
    <ClCompile Include="CDIB.cpp">
      <Filter>Source Files</Filter>
    </ClCompile>
    <ClCompile Include="C3DProcess.cpp">
      <Filter>Source Files</Filter>
    </ClCompile>
    <ClCompile Include="CProgress.cpp">
      <Filter>Source Files</Filter>
    </ClCompile>
  </ItemGroup>
  <ItemGroup>
    <ResourceCompile Include="CardiacCT.rc">
      <Filter>Resource Files</Filter>
    </ResourceCompile>
  </ItemGroup>
  <ItemGroup>
    <Image Include="res\userimages.bmp">
      <Filter>Resource Files</Filter>
    </Image>
    <Image Include="res\CardiacCTDoc.ico">
      <Filter>Resource Files</Filter>
    </Image>
    <Image Include="res\CardiacCT.ico">
      <Filter>Resource Files</Filter>
    </Image>
    <Image Include="res\Toolbar.bmp">
      <Filter>Resource Files</Filter>
    </Image>
    <Image Include="res\Toolbar256.bmp">
      <Filter>Resource Files</Filter>
    </Image>
    <Image Include="heartbeat.ico">
      <Filter>Resource Files</Filter>
    </Image>
    <Image Include="Z:\Desktop\openFolder.ico">
      <Filter>Resource Files</Filter>
    </Image>
    <Image Include="res\DirForm.ico">
      <Filter>Resource Files</Filter>
    </Image>
    <Image Include="res\heartbeat.ico">
      <Filter>Resource Files</Filter>
    </Image>
    <Image Include="res\openFolder.ico">
      <Filter>Resource Files</Filter>
    </Image>
    <Image Include="res\icon4.ico">
      <Filter>Resource Files</Filter>
    </Image>
    <Image Include="res\3D.png">
      <Filter>Resource Files</Filter>
    </Image>
    <Image Include="res\3D.ico">
      <Filter>Resource Files</Filter>
    </Image>
  </ItemGroup>
  <ItemGroup>
    <None Include="res\CardiacCT.rc2">
      <Filter>Resource Files</Filter>
    </None>
  </ItemGroup>
</Project>